
Microsoft Visual Studio Solution File, Format Version 12.00
# Visual Studio Version 17
VisualStudioVersion = 17.10.35004.147
MinimumVisualStudioVersion = 10.0.40219.1
Project("{FAE04EC0-301F-11D3-BF4B-00C04F79EFBC}") = "BFInterpreter", "BFInterpreter\BFInterpreter.csproj", "{EDDF9AA9-CABE-49D1-BB2C-B15CA03E453E}"
EndProject
Project("{FAE04EC0-301F-11D3-BF4B-00C04F79EFBC}") = "BFInterpreter.Desktop", "BFInterpreter.Desktop\BFInterpreter.Desktop.csproj", "{A87F9A0F-6677-41C2-A4F0-8A76B0612F6F}"
EndProject
Project("{FAE04EC0-301F-11D3-BF4B-00C04F79EFBC}") = "BFInterpreter.Browser", "BFInterpreter.Browser\BFInterpreter.Browser.csproj", "{491C9F1D-117C-48CB-A15D-5F6325182E1E}"
EndProject
Global
	GlobalSection(SolutionConfigurationPlatforms) = preSolution
		Debug|Any CPU = Debug|Any CPU
		Release|Any CPU = Release|Any CPU
	EndGlobalSection
	GlobalSection(ProjectConfigurationPlatforms) = postSolution
		{EDDF9AA9-CABE-49D1-BB2C-B15CA03E453E}.Debug|Any CPU.ActiveCfg = Debug|Any CPU
		{EDDF9AA9-CABE-49D1-BB2C-B15CA03E453E}.Debug|Any CPU.Build.0 = Debug|Any CPU
		{EDDF9AA9-CABE-49D1-BB2C-B15CA03E453E}.Release|Any CPU.ActiveCfg = Release|Any CPU
		{EDDF9AA9-CABE-49D1-BB2C-B15CA03E453E}.Release|Any CPU.Build.0 = Release|Any CPU
		{A87F9A0F-6677-41C2-A4F0-8A76B0612F6F}.Debug|Any CPU.ActiveCfg = Debug|Any CPU
		{A87F9A0F-6677-41C2-A4F0-8A76B0612F6F}.Debug|Any CPU.Build.0 = Debug|Any CPU
		{A87F9A0F-6677-41C2-A4F0-8A76B0612F6F}.Release|Any CPU.ActiveCfg = Release|Any CPU
		{A87F9A0F-6677-41C2-A4F0-8A76B0612F6F}.Release|Any CPU.Build.0 = Release|Any CPU
		{491C9F1D-117C-48CB-A15D-5F6325182E1E}.Debug|Any CPU.ActiveCfg = Debug|Any CPU
		{491C9F1D-117C-48CB-A15D-5F6325182E1E}.Debug|Any CPU.Build.0 = Debug|Any CPU
		{491C9F1D-117C-48CB-A15D-5F6325182E1E}.Release|Any CPU.ActiveCfg = Release|Any CPU
		{491C9F1D-117C-48CB-A15D-5F6325182E1E}.Release|Any CPU.Build.0 = Release|Any CPU
	EndGlobalSection
	GlobalSection(SolutionProperties) = preSolution
		HideSolutionNode = FALSE
	EndGlobalSection
	GlobalSection(ExtensibilityGlobals) = postSolution
		SolutionGuid = {4D425100-0C4E-4D9E-87F0-E0EA48CE86DA}
	EndGlobalSection
EndGlobal
